
Microsoft Visual Studio Solution File, Format Version 12.00
# Visual Studio Version 17
VisualStudioVersion = 17.0.31903.59
MinimumVisualStudioVersion = 10.0.40219.1
Project("{FAE04EC0-301F-11D3-BF4B-00C04F79EFBC}") = "MarkdownConverter", "MarkdownConverter\MarkdownConverter.csproj", "{1F9B3FCF-5270-4101-817F-FB6FABCD254E}"
EndProject
Project("{FAE04EC0-301F-11D3-BF4B-00C04F79EFBC}") = "MarkdownConverter.Tests", "MarkdownConverter.Tests\MarkdownConverter.Tests.csproj", "{BB1A1C2E-4D6B-4D09-80A4-86D438008150}"
EndProject
Global
	GlobalSection(SolutionConfigurationPlatforms) = preSolution
		Debug|Any CPU = Debug|Any CPU
		Debug|x64 = Debug|x64
		Debug|x86 = Debug|x86
		Release|Any CPU = Release|Any CPU
		Release|x64 = Release|x64
		Release|x86 = Release|x86
	EndGlobalSection
	GlobalSection(ProjectConfigurationPlatforms) = postSolution
		{1F9B3FCF-5270-4101-817F-FB6FABCD254E}.Debug|Any CPU.ActiveCfg = Debug|Any CPU
		{1F9B3FCF-5270-4101-817F-FB6FABCD254E}.Debug|Any CPU.Build.0 = Debug|Any CPU
		{1F9B3FCF-5270-4101-817F-FB6FABCD254E}.Debug|x64.ActiveCfg = Debug|Any CPU
		{1F9B3FCF-5270-4101-817F-FB6FABCD254E}.Debug|x64.Build.0 = Debug|Any CPU
		{1F9B3FCF-5270-4101-817F-FB6FABCD254E}.Debug|x86.ActiveCfg = Debug|Any CPU
		{1F9B3FCF-5270-4101-817F-FB6FABCD254E}.Debug|x86.Build.0 = Debug|Any CPU
		{1F9B3FCF-5270-4101-817F-FB6FABCD254E}.Release|Any CPU.ActiveCfg = Release|Any CPU
		{1F9B3FCF-5270-4101-817F-FB6FABCD254E}.Release|Any CPU.Build.0 = Release|Any CPU
		{1F9B3FCF-5270-4101-817F-FB6FABCD254E}.Release|x64.ActiveCfg = Release|Any CPU
		{1F9B3FCF-5270-4101-817F-FB6FABCD254E}.Release|x64.Build.0 = Release|Any CPU
		{1F9B3FCF-5270-4101-817F-FB6FABCD254E}.Release|x86.ActiveCfg = Release|Any CPU
		{1F9B3FCF-5270-4101-817F-FB6FABCD254E}.Release|x86.Build.0 = Release|Any CPU
		{BB1A1C2E-4D6B-4D09-80A4-86D438008150}.Debug|Any CPU.ActiveCfg = Debug|Any CPU
		{BB1A1C2E-4D6B-4D09-80A4-86D438008150}.Debug|Any CPU.Build.0 = Debug|Any CPU
		{BB1A1C2E-4D6B-4D09-80A4-86D438008150}.Debug|x64.ActiveCfg = Debug|Any CPU
		{BB1A1C2E-4D6B-4D09-80A4-86D438008150}.Debug|x64.Build.0 = Debug|Any CPU
		{BB1A1C2E-4D6B-4D09-80A4-86D438008150}.Debug|x86.ActiveCfg = Debug|Any CPU
		{BB1A1C2E-4D6B-4D09-80A4-86D438008150}.Debug|x86.Build.0 = Debug|Any CPU
		{BB1A1C2E-4D6B-4D09-80A4-86D438008150}.Release|Any CPU.ActiveCfg = Release|Any CPU
		{BB1A1C2E-4D6B-4D09-80A4-86D438008150}.Release|Any CPU.Build.0 = Release|Any CPU
		{BB1A1C2E-4D6B-4D09-80A4-86D438008150}.Release|x64.ActiveCfg = Release|Any CPU
		{BB1A1C2E-4D6B-4D09-80A4-86D438008150}.Release|x64.Build.0 = Release|Any CPU
		{BB1A1C2E-4D6B-4D09-80A4-86D438008150}.Release|x86.ActiveCfg = Release|Any CPU
		{BB1A1C2E-4D6B-4D09-80A4-86D438008150}.Release|x86.Build.0 = Release|Any CPU
	EndGlobalSection
	GlobalSection(SolutionProperties) = preSolution
		HideSolutionNode = FALSE
	EndGlobalSection
EndGlobal
